
Microsoft Visual Studio Solution File, Format Version 12.00
# Visual Studio Version 16
VisualStudioVersion = 16.0.810.14
MinimumVisualStudioVersion = 10.0.40219.1
Project("{FAE04EC0-301F-11D3-BF4B-00C04F79EFBC}") = "YouTube_Downloader", "YouTube_Downloader\YouTube_Downloader.csproj", "{7AAB31A6-A664-462B-94AB-C7A413D0EDAC}"
EndProject
Global
	GlobalSection(SolutionConfigurationPlatforms) = preSolution
		Debug|Any CPU = Debug|Any CPU
		Release|Any CPU = Release|Any CPU
	EndGlobalSection
	GlobalSection(ProjectConfigurationPlatforms) = postSolution
		{7AAB31A6-A664-462B-94AB-C7A413D0EDAC}.Debug|Any CPU.ActiveCfg = Debug|Any CPU
		{7AAB31A6-A664-462B-94AB-C7A413D0EDAC}.Debug|Any CPU.Build.0 = Debug|Any CPU
		{7AAB31A6-A664-462B-94AB-C7A413D0EDAC}.Release|Any CPU.ActiveCfg = Release|Any CPU
		{7AAB31A6-A664-462B-94AB-C7A413D0EDAC}.Release|Any CPU.Build.0 = Release|Any CPU
	EndGlobalSection
	GlobalSection(SolutionProperties) = preSolution
		HideSolutionNode = FALSE
	EndGlobalSection
	GlobalSection(ExtensibilityGlobals) = postSolution
		SolutionGuid = {0D258210-D2C8-4113-81FB-D896B53D920A}
	EndGlobalSection
EndGlobal
